// !$*UTF8*$!
{
	archiveVersion = 1;
	classes = {
	};
	objectVersion = 48;
	objects = {

/* Begin PBXBuildFile section */
		38F62D472057B92F00A50FA2 /* AppDelegate.m in Sources */ = {isa = PBXBuildFile; fileRef = 38F62D462057B92F00A50FA2 /* AppDelegate.m */; };
		38F62D4A2057B92F00A50FA2 /* ViewController.m in Sources */ = {isa = PBXBuildFile; fileRef = 38F62D492057B92F00A50FA2 /* ViewController.m */; };
		38F62D4D2057B92F00A50FA2 /* Main.storyboard in Resources */ = {isa = PBXBuildFile; fileRef = 38F62D4B2057B92F00A50FA2 /* Main.storyboard */; };
		38F62D4F2057B92F00A50FA2 /* Assets.xcassets in Resources */ = {isa = PBXBuildFile; fileRef = 38F62D4E2057B92F00A50FA2 /* Assets.xcassets */; };
		38F62D522057B92F00A50FA2 /* LaunchScreen.storyboard in Resources */ = {isa = PBXBuildFile; fileRef = 38F62D502057B92F00A50FA2 /* LaunchScreen.storyboard */; };
		38F62D552057B92F00A50FA2 /* main.m in Sources */ = {isa = PBXBuildFile; fileRef = 38F62D542057B92F00A50FA2 /* main.m */; };
		38F62D5F2057B92F00A50FA2 /* DictionaryPrincipleTests.m in Sources */ = {isa = PBXBuildFile; fileRef = 38F62D5E2057B92F00A50FA2 /* DictionaryPrincipleTests.m */; };
		38F62D6E2057B98500A50FA2 /* LinkedArray.m in Sources */ = {isa = PBXBuildFile; fileRef = 38F62D6B2057B94F00A50FA2 /* LinkedArray.m */; };
		38F62D6F2057B98500A50FA2 /* CustomDictionary.m in Sources */ = {isa = PBXBuildFile; fileRef = 38F62D6C2057B94F00A50FA2 /* CustomDictionary.m */; };
/* End PBXBuildFile section */

/* Begin PBXContainerItemProxy section */
		38F62D5B2057B92F00A50FA2 /* PBXContainerItemProxy */ = {
			isa = PBXContainerItemProxy;
			containerPortal = 38F62D3A2057B92F00A50FA2 /* Project object */;
			proxyType = 1;
			remoteGlobalIDString = 38F62D412057B92F00A50FA2;
			remoteInfo = DictionaryPrinciple;
		};
/* End PBXContainerItemProxy section */

/* Begin PBXFileReference section */
		38F62D422057B92F00A50FA2 /* DictionaryPrinciple.app */ = {isa = PBXFileReference; explicitFileType = wrapper.application; includeInIndex = 0; path = DictionaryPrinciple.app; sourceTree = BUILT_PRODUCTS_DIR; };
		38F62D452057B92F00A50FA2 /* AppDelegate.h */ = {isa = PBXFileReference; lastKnownFileType = sourcecode.c.h; path = AppDelegate.h; sourceTree = "<group>"; };
		38F62D462057B92F00A50FA2 /* AppDelegate.m */ = {isa = PBXFileReference; lastKnownFileType = sourcecode.c.objc; path = AppDelegate.m; sourceTree = "<group>"; };
		38F62D482057B92F00A50FA2 /* ViewController.h */ = {isa = PBXFileReference; lastKnownFileType = sourcecode.c.h; path = ViewController.h; sourceTree = "<group>"; };
		38F62D492057B92F00A50FA2 /* ViewController.m */ = {isa = PBXFileReference; lastKnownFileType = sourcecode.c.objc; path = ViewController.m; sourceTree = "<group>"; };
		38F62D4C2057B92F00A50FA2 /* Base */ = {isa = PBXFileReference; lastKnownFileType = file.storyboard; name = Base; path = Base.lproj/Main.storyboard; sourceTree = "<group>"; };
		38F62D4E2057B92F00A50FA2 /* Assets.xcassets */ = {isa = PBXFileReference; lastKnownFileType = folder.assetcatalog; path = Assets.xcassets; sourceTree = "<group>"; };
		38F62D512057B92F00A50FA2 /* Base */ = {isa = PBXFileReference; lastKnownFileType = file.storyboard; name = Base; path = Base.lproj/LaunchScreen.storyboard; sourceTree = "<group>"; };
		38F62D532057B92F00A50FA2 /* Info.plist */ = {isa = PBXFileReference; lastKnownFileType = text.plist.xml; path = Info.plist; sourceTree = "<group>"; };
		38F62D542057B92F00A50FA2 /* main.m */ = {isa = PBXFileReference; lastKnownFileType = sourcecode.c.objc; path = main.m; sourceTree = "<group>"; };
		38F62D5A2057B92F00A50FA2 /* DictionaryPrincipleTests.xctest */ = {isa = PBXFileReference; explicitFileType = wrapper.cfbundle; includeInIndex = 0; path = DictionaryPrincipleTests.xctest; sourceTree = BUILT_PRODUCTS_DIR; };
		38F62D5E2057B92F00A50FA2 /* DictionaryPrincipleTests.m */ = {isa = PBXFileReference; lastKnownFileType = sourcecode.c.objc; path = DictionaryPrincipleTests.m; sourceTree = "<group>"; };
		38F62D602057B92F00A50FA2 /* Info.plist */ = {isa = PBXFileReference; lastKnownFileType = text.plist.xml; path = Info.plist; sourceTree = "<group>"; };
		38F62D6A2057B94F00A50FA2 /* CustomDictionary.h */ = {isa = PBXFileReference; lastKnownFileType = sourcecode.c.h; path = CustomDictionary.h; sourceTree = "<group>"; };
		38F62D6B2057B94F00A50FA2 /* LinkedArray.m */ = {isa = PBXFileReference; lastKnownFileType = sourcecode.c.objc; path = LinkedArray.m; sourceTree = "<group>"; };
		38F62D6C2057B94F00A50FA2 /* CustomDictionary.m */ = {isa = PBXFileReference; lastKnownFileType = sourcecode.c.objc; path = CustomDictionary.m; sourceTree = "<group>"; };
		38F62D6D2057B94F00A50FA2 /* LinkedArray.h */ = {isa = PBXFileReference; lastKnownFileType = sourcecode.c.h; path = LinkedArray.h; sourceTree = "<group>"; };
/* End PBXFileReference section */

/* Begin PBXFrameworksBuildPhase section */
		38F62D3F2057B92F00A50FA2 /* Frameworks */ = {
			isa = PBXFrameworksBuildPhase;
			buildActionMask = 2147483647;
			files = (
			);
			runOnlyForDeploymentPostprocessing = 0;
		};
		38F62D572057B92F00A50FA2 /* Frameworks */ = {
			isa = PBXFrameworksBuildPhase;
			buildActionMask = 2147483647;
			files = (
			);
			runOnlyForDeploymentPostprocessing = 0;
		};
/* End PBXFrameworksBuildPhase section */

/* Begin PBXGroup section */
		38F62D392057B92F00A50FA2 = {
			isa = PBXGroup;
			children = (
				38F62D442057B92F00A50FA2 /* DictionaryPrinciple */,
				38F62D5D2057B92F00A50FA2 /* DictionaryPrincipleTests */,
				38F62D432057B92F00A50FA2 /* Products */,
			);
			sourceTree = "<group>";
		};
		38F62D432057B92F00A50FA2 /* Products */ = {
			isa = PBXGroup;
			children = (
				38F62D422057B92F00A50FA2 /* DictionaryPrinciple.app */,
				38F62D5A2057B92F00A50FA2 /* DictionaryPrincipleTests.xctest */,
			);
			name = Products;
			sourceTree = "<group>";
		};
		38F62D442057B92F00A50FA2 /* DictionaryPrinciple */ = {
			isa = PBXGroup;
			children = (
				38F62D692057B94F00A50FA2 /* Classes */,
				38F62D452057B92F00A50FA2 /* AppDelegate.h */,
				38F62D462057B92F00A50FA2 /* AppDelegate.m */,
				38F62D482057B92F00A50FA2 /* ViewController.h */,
				38F62D492057B92F00A50FA2 /* ViewController.m */,
				38F62D4B2057B92F00A50FA2 /* Main.storyboard */,
				38F62D4E2057B92F00A50FA2 /* Assets.xcassets */,
				38F62D502057B92F00A50FA2 /* LaunchScreen.storyboard */,
				38F62D532057B92F00A50FA2 /* Info.plist */,
				38F62D542057B92F00A50FA2 /* main.m */,
			);
			path = DictionaryPrinciple;
			sourceTree = "<group>";
		};
		38F62D5D2057B92F00A50FA2 /* DictionaryPrincipleTests */ = {
			isa = PBXGroup;
			children = (
				38F62D5E2057B92F00A50FA2 /* DictionaryPrincipleTests.m */,
				38F62D602057B92F00A50FA2 /* Info.plist */,
			);
			path = DictionaryPrincipleTests;
			sourceTree = "<group>";
		};
		38F62D692057B94F00A50FA2 /* Classes */ = {
			isa = PBXGroup;
			children = (
				38F62D6A2057B94F00A50FA2 /* CustomDictionary.h */,
				38F62D6C2057B94F00A50FA2 /* CustomDictionary.m */,
				38F62D6B2057B94F00A50FA2 /* LinkedArray.m */,
				38F62D6D2057B94F00A50FA2 /* LinkedArray.h */,
			);
			path = Classes;
			sourceTree = "<group>";
		};
/* End PBXGroup section */

/* Begin PBXNativeTarget section */
		38F62D412057B92F00A50FA2 /* DictionaryPrinciple */ = {
			isa = PBXNativeTarget;
			buildConfigurationList = 38F62D632057B92F00A50FA2 /* Build configuration list for PBXNativeTarget "DictionaryPrinciple" */;
			buildPhases = (
				38F62D3E2057B92F00A50FA2 /* Sources */,
				38F62D3F2057B92F00A50FA2 /* Frameworks */,
				38F62D402057B92F00A50FA2 /* Resources */,
			);
			buildRules = (
			);
			dependencies = (
			);
			name = DictionaryPrinciple;
			productName = DictionaryPrinciple;
			productReference = 38F62D422057B92F00A50FA2 /* DictionaryPrinciple.app */;
			productType = "com.apple.product-type.application";
		};
		38F62D592057B92F00A50FA2 /* DictionaryPrincipleTests */ = {
			isa = PBXNativeTarget;
			buildConfigurationList = 38F62D662057B92F00A50FA2 /* Build configuration list for PBXNativeTarget "DictionaryPrincipleTests" */;
			buildPhases = (
				38F62D562057B92F00A50FA2 /* Sources */,
				38F62D572057B92F00A50FA2 /* Frameworks */,
				38F62D582057B92F00A50FA2 /* Resources */,
			);
			buildRules = (
			);
			dependencies = (
				38F62D5C2057B92F00A50FA2 /* PBXTargetDependency */,
			);
			name = DictionaryPrincipleTests;
			productName = DictionaryPrincipleTests;
			productReference = 38F62D5A2057B92F00A50FA2 /* DictionaryPrincipleTests.xctest */;
			productType = "com.apple.product-type.bundle.unit-test";
		};
/* End PBXNativeTarget section */

/* Begin PBXProject section */
		38F62D3A2057B92F00A50FA2 /* Project object */ = {
			isa = PBXProject;
			attributes = {
				LastUpgradeCheck = 0900;
				ORGANIZATIONNAME = bolin;
				TargetAttributes = {
					38F62D412057B92F00A50FA2 = {
						CreatedOnToolsVersion = 9.0;
						ProvisioningStyle = Automatic;
					};
					38F62D592057B92F00A50FA2 = {
						CreatedOnToolsVersion = 9.0;
						ProvisioningStyle = Automatic;
						TestTargetID = 38F62D412057B92F00A50FA2;
					};
				};
			};
			buildConfigurationList = 38F62D3D2057B92F00A50FA2 /* Build configuration list for PBXProject "DictionaryPrinciple" */;
			compatibilityVersion = "Xcode 8.0";
			developmentRegion = en;
			hasScannedForEncodings = 0;
			knownRegions = (
				en,
				Base,
			);
			mainGroup = 38F62D392057B92F00A50FA2;
			productRefGroup = 38F62D432057B92F00A50FA2 /* Products */;
			projectDirPath = "";
			projectRoot = "";
			targets = (
				38F62D412057B92F00A50FA2 /* DictionaryPrinciple */,
				38F62D592057B92F00A50FA2 /* DictionaryPrincipleTests */,
			);
		};
/* End PBXProject section */

/* Begin PBXResourcesBuildPhase section */
		38F62D402057B92F00A50FA2 /* Resources */ = {
			isa = PBXResourcesBuildPhase;
			buildActionMask = 2147483647;
			files = (
				38F62D522057B92F00A50FA2 /* LaunchScreen.storyboard in Resources */,
				38F62D4F2057B92F00A50FA2 /* Assets.xcassets in Resources */,
				38F62D4D2057B92F00A50FA2 /* Main.storyboard in Resources */,
			);
			runOnlyForDeploymentPostprocessing = 0;
		};
		38F62D582057B92F00A50FA2 /* Resources */ = {
			isa = PBXResourcesBuildPhase;
			buildActionMask = 2147483647;
			files = (
			);
			runOnlyForDeploymentPostprocessing = 0;
		};
/* End PBXResourcesBuildPhase section */

/* Begin PBXSourcesBuildPhase section */
		38F62D3E2057B92F00A50FA2 /* Sources */ = {
			isa = PBXSourcesBuildPhase;
			buildActionMask = 2147483647;
			files = (
				38F62D6E2057B98500A50FA2 /* LinkedArray.m in Sources */,
				38F62D6F2057B98500A50FA2 /* CustomDictionary.m in Sources */,
				38F62D4A2057B92F00A50FA2 /* ViewController.m in Sources */,
				38F62D552057B92F00A50FA2 /* main.m in Sources */,
				38F62D472057B92F00A50FA2 /* AppDelegate.m in Sources */,
			);
			runOnlyForDeploymentPostprocessing = 0;
		};
		38F62D562057B92F00A50FA2 /* Sources */ = {
			isa = PBXSourcesBuildPhase;
			buildActionMask = 2147483647;
			files = (
				38F62D5F2057B92F00A50FA2 /* DictionaryPrincipleTests.m in Sources */,
			);
			runOnlyForDeploymentPostprocessing = 0;
		};
/* End PBXSourcesBuildPhase section */

/* Begin PBXTargetDependency section */
		38F62D5C2057B92F00A50FA2 /* PBXTargetDependency */ = {
			isa = PBXTargetDependency;
			target = 38F62D412057B92F00A50FA2 /* DictionaryPrinciple */;
			targetProxy = 38F62D5B2057B92F00A50FA2 /* PBXContainerItemProxy */;
		};
/* End PBXTargetDependency section */

/* Begin PBXVariantGroup section */
		38F62D4B2057B92F00A50FA2 /* Main.storyboard */ = {
			isa = PBXVariantGroup;
			children = (
				38F62D4C2057B92F00A50FA2 /* Base */,
			);
			name = Main.storyboard;
			sourceTree = "<group>";
		};
		38F62D502057B92F00A50FA2 /* LaunchScreen.storyboard */ = {
			isa = PBXVariantGroup;
			children = (
				38F62D512057B92F00A50FA2 /* Base */,
			);
			name = LaunchScreen.storyboard;
			sourceTree = "<group>";
		};
/* End PBXVariantGroup section */

/* Begin XCBuildConfiguration section */
		38F62D612057B92F00A50FA2 /* Debug */ = {
			isa = XCBuildConfiguration;
			buildSettings = {
				ALWAYS_SEARCH_USER_PATHS = NO;
				CLANG_ANALYZER_NONNULL = YES;
				CLANG_ANALYZER_NUMBER_OBJECT_CONVERSION = YES_AGGRESSIVE;
				CLANG_CXX_LANGUAGE_STANDARD = "gnu++14";
				CLANG_CXX_LIBRARY = "libc++";
				CLANG_ENABLE_MODULES = YES;
				CLANG_ENABLE_OBJC_ARC = YES;
				CLANG_WARN_BLOCK_CAPTURE_AUTORELEASING = YES;
				CLANG_WARN_BOOL_CONVERSION = YES;
				CLANG_WARN_COMMA = YES;
				CLANG_WARN_CONSTANT_CONVERSION = YES;
				CLANG_WARN_DIRECT_OBJC_ISA_USAGE = YES_ERROR;
				CLANG_WARN_DOCUMENTATION_COMMENTS = YES;
				CLANG_WARN_EMPTY_BODY = YES;
				CLANG_WARN_ENUM_CONVERSION = YES;
				CLANG_WARN_INFINITE_RECURSION = YES;
				CLANG_WARN_INT_CONVERSION = YES;
				CLANG_WARN_NON_LITERAL_NULL_CONVERSION = YES;
				CLANG_WARN_OBJC_LITERAL_CONVERSION = YES;
				CLANG_WARN_OBJC_ROOT_CLASS = YES_ERROR;
				CLANG_WARN_RANGE_LOOP_ANALYSIS = YES;
				CLANG_WARN_STRICT_PROTOTYPES = YES;
				CLANG_WARN_SUSPICIOUS_MOVE = YES;
				CLANG_WARN_UNGUARDED_AVAILABILITY = YES_AGGRESSIVE;
				CLANG_WARN_UNREACHABLE_CODE = YES;
				CLANG_WARN__DUPLICATE_METHOD_MATCH = YES;
				CODE_SIGN_IDENTITY = "iPhone Developer";
				COPY_PHASE_STRIP = NO;
				DEBUG_INFORMATION_FORMAT = dwarf;
				ENABLE_STRICT_OBJC_MSGSEND = YES;
				ENABLE_TESTABILITY = YES;
				GCC_C_LANGUAGE_STANDARD = gnu11;
				GCC_DYNAMIC_NO_PIC = NO;
				GCC_NO_COMMON_BLOCKS = YES;
				GCC_OPTIMIZATION_LEVEL = 0;
				GCC_PREPROCESSOR_DEFINITIONS = (
					"DEBUG=1",
					"$(inherited)",
				);
				GCC_WARN_64_TO_32_BIT_CONVERSION = YES;
				GCC_WARN_ABOUT_RETURN_TYPE = YES_ERROR;
				GCC_WARN_UNDECLARED_SELECTOR = YES;
				GCC_WARN_UNINITIALIZED_AUTOS = YES_AGGRESSIVE;
				GCC_WARN_UNUSED_FUNCTION = YES;
				GCC_WARN_UNUSED_VARIABLE = YES;
				IPHONEOS_DEPLOYMENT_TARGET = 11.0;
				MTL_ENABLE_DEBUG_INFO = YES;
				ONLY_ACTIVE_ARCH = YES;
				SDKROOT = iphoneos;
			};
			name = Debug;
		};
		38F62D622057B92F00A50FA2 /* Release */ = {
			isa = XCBuildConfiguration;
			buildSettings = {
				ALWAYS_SEARCH_USER_PATHS = NO;
				CLANG_ANALYZER_NONNULL = YES;
				CLANG_ANALYZER_NUMBER_OBJECT_CONVERSION = YES_AGGRESSIVE;
				CLANG_CXX_LANGUAGE_STANDARD = "gnu++14";
				CLANG_CXX_LIBRARY = "libc++";
				CLANG_ENABLE_MODULES = YES;
				CLANG_ENABLE_OBJC_ARC = YES;
				CLANG_WARN_BLOCK_CAPTURE_AUTORELEASING = YES;
				CLANG_WARN_BOOL_CONVERSION = YES;
				CLANG_WARN_COMMA = YES;
				CLANG_WARN_CONSTANT_CONVERSION = YES;
				CLANG_WARN_DIRECT_OBJC_ISA_USAGE = YES_ERROR;
				CLANG_WARN_DOCUMENTATION_COMMENTS = YES;
				CLANG_WARN_EMPTY_BODY = YES;
				CLANG_WARN_ENUM_CONVERSION = YES;
				CLANG_WARN_INFINITE_RECURSION = YES;
				CLANG_WARN_INT_CONVERSION = YES;
				CLANG_WARN_NON_LITERAL_NULL_CONVERSION = YES;
				CLANG_WARN_OBJC_LITERAL_CONVERSION = YES;
				CLANG_WARN_OBJC_ROOT_CLASS = YES_ERROR;
				CLANG_WARN_RANGE_LOOP_ANALYSIS = YES;
				CLANG_WARN_STRICT_PROTOTYPES = YES;
				CLANG_WARN_SUSPICIOUS_MOVE = YES;
				CLANG_WARN_UNGUARDED_AVAILABILITY = YES_AGGRESSIVE;
				CLANG_WARN_UNREACHABLE_CODE = YES;
				CLANG_WARN__DUPLICATE_METHOD_MATCH = YES;
				CODE_SIGN_IDENTITY = "iPhone Developer";
				COPY_PHASE_STRIP = NO;
				DEBUG_INFORMATION_FORMAT = "dwarf-with-dsym";
				ENABLE_NS_ASSERTIONS = NO;
				ENABLE_STRICT_OBJC_MSGSEND = YES;
				GCC_C_LANGUAGE_STANDARD = gnu11;
				GCC_NO_COMMON_BLOCKS = YES;
				GCC_WARN_64_TO_32_BIT_CONVERSION = YES;
				GCC_WARN_ABOUT_RETURN_TYPE = YES_ERROR;
				GCC_WARN_UNDECLARED_SELECTOR = YES;
				GCC_WARN_UNINITIALIZED_AUTOS = YES_AGGRESSIVE;
				GCC_WARN_UNUSED_FUNCTION = YES;
				GCC_WARN_UNUSED_VARIABLE = YES;
				IPHONEOS_DEPLOYMENT_TARGET = 11.0;
				MTL_ENABLE_DEBUG_INFO = NO;
				SDKROOT = iphoneos;
				VALIDATE_PRODUCT = YES;
			};
			name = Release;
		};
		38F62D642057B92F00A50FA2 /* Debug */ = {
			isa = XCBuildConfiguration;
			buildSettings = {
				ASSETCATALOG_COMPILER_APPICON_NAME = AppIcon;
				CODE_SIGN_STYLE = Automatic;
				INFOPLIST_FILE = DictionaryPrinciple/Info.plist;
				LD_RUNPATH_SEARCH_PATHS = "$(inherited) @executable_path/Frameworks";
				PRODUCT_BUNDLE_IDENTIFIER = com.rockybo.dprinciple.DictionaryPrinciple;
				PRODUCT_NAME = "$(TARGET_NAME)";
				TARGETED_DEVICE_FAMILY = "1,2";
			};
			name = Debug;
		};
		38F62D652057B92F00A50FA2 /* Release */ = {
			isa = XCBuildConfiguration;
			buildSettings = {
				ASSETCATALOG_COMPILER_APPICON_NAME = AppIcon;
				CODE_SIGN_STYLE = Automatic;
				INFOPLIST_FILE = DictionaryPrinciple/Info.plist;
				LD_RUNPATH_SEARCH_PATHS = "$(inherited) @executable_path/Frameworks";
				PRODUCT_BUNDLE_IDENTIFIER = com.rockybo.dprinciple.DictionaryPrinciple;
				PRODUCT_NAME = "$(TARGET_NAME)";
				TARGETED_DEVICE_FAMILY = "1,2";
			};
			name = Release;
		};
		38F62D672057B92F00A50FA2 /* Debug */ = {
			isa = XCBuildConfiguration;
			buildSettings = {
				BUNDLE_LOADER = "$(TEST_HOST)";
				CODE_SIGN_STYLE = Automatic;
				INFOPLIST_FILE = DictionaryPrincipleTests/Info.plist;
				LD_RUNPATH_SEARCH_PATHS = "$(inherited) @executable_path/Frameworks @loader_path/Frameworks";
				PRODUCT_BUNDLE_IDENTIFIER = com.rockybo.dprinciple.DictionaryPrincipleTests;
				PRODUCT_NAME = "$(TARGET_NAME)";
				TARGETED_DEVICE_FAMILY = "1,2";
				TEST_HOST = "$(BUILT_PRODUCTS_DIR)/DictionaryPrinciple.app/DictionaryPrinciple";
			};
			name = Debug;
		};
		38F62D682057B92F00A50FA2 /* Release */ = {
			isa = XCBuildConfiguration;
			buildSettings = {
				BUNDLE_LOADER = "$(TEST_HOST)";
				CODE_SIGN_STYLE = Automatic;
				INFOPLIST_FILE = DictionaryPrincipleTests/Info.plist;
				LD_RUNPATH_SEARCH_PATHS = "$(inherited) @executable_path/Frameworks @loader_path/Frameworks";
				PRODUCT_BUNDLE_IDENTIFIER = com.rockybo.dprinciple.DictionaryPrincipleTests;
				PRODUCT_NAME = "$(TARGET_NAME)";
				TARGETED_DEVICE_FAMILY = "1,2";
				TEST_HOST = "$(BUILT_PRODUCTS_DIR)/DictionaryPrinciple.app/DictionaryPrinciple";
			};
			name = Release;
		};
/* End XCBuildConfiguration section */

/* Begin XCConfigurationList section */
		38F62D3D2057B92F00A50FA2 /* Build configuration list for PBXProject "DictionaryPrinciple" */ = {
			isa = XCConfigurationList;
			buildConfigurations = (
				38F62D612057B92F00A50FA2 /* Debug */,
				38F62D622057B92F00A50FA2 /* Release */,
			);
			defaultConfigurationIsVisible = 0;
			defaultConfigurationName = Release;
		};
		38F62D632057B92F00A50FA2 /* Build configuration list for PBXNativeTarget "DictionaryPrinciple" */ = {
			isa = XCConfigurationList;
			buildConfigurations = (
				38F62D642057B92F00A50FA2 /* Debug */,
				38F62D652057B92F00A50FA2 /* Release */,
			);
			defaultConfigurationIsVisible = 0;
			defaultConfigurationName = Release;
		};
		38F62D662057B92F00A50FA2 /* Build configuration list for PBXNativeTarget "DictionaryPrincipleTests" */ = {
			isa = XCConfigurationList;
			buildConfigurations = (
				38F62D672057B92F00A50FA2 /* Debug */,
				38F62D682057B92F00A50FA2 /* Release */,
			);
			defaultConfigurationIsVisible = 0;
			defaultConfigurationName = Release;
		};
/* End XCConfigurationList section */
	};
	rootObject = 38F62D3A2057B92F00A50FA2 /* Project object */;
}
